
Microsoft Visual Studio Solution File, Format Version 12.00
# Visual Studio Version 16
VisualStudioVersion = 16.0.30104.148
MinimumVisualStudioVersion = 10.0.40219.1
Project("{FAE04EC0-301F-11D3-BF4B-00C04F79EFBC}") = "CodeMonitor", "CodeMonitor\CodeMonitor.csproj", "{E3D0C965-E9C0-49CC-AE3D-511A0DF785FD}"
EndProject
Global
	GlobalSection(SolutionConfigurationPlatforms) = preSolution
		Debug|Any CPU = Debug|Any CPU
		Release|Any CPU = Release|Any CPU
	EndGlobalSection
	GlobalSection(ProjectConfigurationPlatforms) = postSolution
		{E3D0C965-E9C0-49CC-AE3D-511A0DF785FD}.Debug|Any CPU.ActiveCfg = Debug|Any CPU
		{E3D0C965-E9C0-49CC-AE3D-511A0DF785FD}.Debug|Any CPU.Build.0 = Debug|Any CPU
		{E3D0C965-E9C0-49CC-AE3D-511A0DF785FD}.Release|Any CPU.ActiveCfg = Release|Any CPU
		{E3D0C965-E9C0-49CC-AE3D-511A0DF785FD}.Release|Any CPU.Build.0 = Release|Any CPU
	EndGlobalSection
	GlobalSection(SolutionProperties) = preSolution
		HideSolutionNode = FALSE
	EndGlobalSection
	GlobalSection(ExtensibilityGlobals) = postSolution
		SolutionGuid = {71EB7E50-03BD-4640-8472-7F18EAAEB7F6}
	EndGlobalSection
EndGlobal
